
Microsoft Visual Studio Solution File, Format Version 12.00
# Visual Studio Version 16
VisualStudioVersion = 16.0.29613.14
MinimumVisualStudioVersion = 10.0.40219.1
Project("{FAE04EC0-301F-11D3-BF4B-00C04F79EFBC}") = "ConnectFourAI", "ConnectFourAI\ConnectFourAI.csproj", "{0CC55C35-8166-4778-9F24-CFACABDED67D}"
EndProject
Global
	GlobalSection(SolutionConfigurationPlatforms) = preSolution
		Debug|Any CPU = Debug|Any CPU
		Release|Any CPU = Release|Any CPU
	EndGlobalSection
	GlobalSection(ProjectConfigurationPlatforms) = postSolution
		{0CC55C35-8166-4778-9F24-CFACABDED67D}.Debug|Any CPU.ActiveCfg = Debug|Any CPU
		{0CC55C35-8166-4778-9F24-CFACABDED67D}.Debug|Any CPU.Build.0 = Debug|Any CPU
		{0CC55C35-8166-4778-9F24-CFACABDED67D}.Release|Any CPU.ActiveCfg = Release|Any CPU
		{0CC55C35-8166-4778-9F24-CFACABDED67D}.Release|Any CPU.Build.0 = Release|Any CPU
	EndGlobalSection
	GlobalSection(SolutionProperties) = preSolution
		HideSolutionNode = FALSE
	EndGlobalSection
	GlobalSection(ExtensibilityGlobals) = postSolution
		SolutionGuid = {02F4C73A-3216-4620-BDCA-4975D5E98551}
	EndGlobalSection
EndGlobal
